<?xml version="1.0" encoding="utf-8"?>
<Project ToolsVersion="4.0" xmlns="http://schemas.microsoft.com/developer/msbuild/2003">
  <ItemGroup>
    <Filter Include="Source Files">
      <UniqueIdentifier>{4FC737F1-C7A5-4376-A066-2A32D752A2FF}</UniqueIdentifier>
      <Extensions>cpp;c;cc;cxx;def;odl;idl;hpj;bat;asm;asmx</Extensions>
    </Filter>
    <Filter Include="Header Files">
      <UniqueIdentifier>{93995380-89BD-4b04-88EB-625FBE52EBFB}</UniqueIdentifier>
      <Extensions>h;hpp;hxx;hm;inl;inc;xsd</Extensions>
    </Filter>
    <Filter Include="Resource Files">
      <UniqueIdentifier>{67DA6AB6-F800-4c08-8B7A-83BB121AAD01}</UniqueIdentifier>
      <Extensions>rc;ico;cur;bmp;dlg;rc2;rct;bin;rgs;gif;jpg;jpeg;jpe;resx;tiff;tif;png;wav;mfcribbon-ms</Extensions>
    </Filter>
  </ItemGroup>
  <ItemGroup>
    <ClInclude Include="include\cond.h">
      <Filter>Header Files</Filter>
    </ClInclude>
    <ClInclude Include="include\config.h">
      <Filter>Header Files</Filter>
    </ClInclude>
    <ClInclude Include="include\datalink.h">
      <Filter>Header Files</Filter>
    </ClInclude>
    <ClInclude Include="include\mutex.h">
      <Filter>Header Files</Filter>
    </ClInclude>
    <ClInclude Include="include\protonet.h">
      <Filter>Header Files</Filter>
    </ClInclude>
    <ClInclude Include="include\protonet_parser.h">
      <Filter>Header Files</Filter>
    </ClInclude>
    <ClInclude Include="include\queue.h">
      <Filter>Header Files</Filter>
    </ClInclude>
    <ClInclude Include="include\serial.h">
      <Filter>Header Files</Filter>
    </ClInclude>
    <ClInclude Include="include\thread.h">
      <Filter>Header Files</Filter>
    </ClInclude>
    <ClInclude Include="include\udp.h">
      <Filter>Header Files</Filter>
    </ClInclude>
    <ClInclude Include="include\message\Raw.h">
      <Filter>Header Files</Filter>
    </ClInclude>
    <ClInclude Include="include\xbee.h">
      <Filter>Header Files</Filter>
    </ClInclude>
    <ClInclude Include="include\message\UGVBatteryStatus.h">
      <Filter>Header Files</Filter>
    </ClInclude>
    <ClInclude Include="include\message\UGVJoystick.h">
      <Filter>Header Files</Filter>
    </ClInclude>
    <ClInclude Include="include\message\Enter.h">
      <Filter>Header Files</Filter>
    </ClInclude>
    <ClInclude Include="include\message\Exit.h">
      <Filter>Header Files</Filter>
    </ClInclude>
    <ClInclude Include="include\message\Ping.h">
      <Filter>Header Files</Filter>
    </ClInclude>
    <ClInclude Include="include\message\Pong.h">
      <Filter>Header Files</Filter>
    </ClInclude>
    <ClInclude Include="include\message\VehicleAuthorizationReply.h">
      <Filter>Header Files</Filter>
    </ClInclude>
    <ClInclude Include="include\message\VehicleAuthorizationRequest.h">
      <Filter>Header Files</Filter>
    </ClInclude>
    <ClInclude Include="include\message\VehicleIdentification.h">
      <Filter>Header Files</Filter>
    </ClInclude>
    <ClInclude Include="include\message\VehicleModeCommand.h">
      <Filter>Header Files</Filter>
    </ClInclude>
    <ClInclude Include="include\message\VehicleTelemetryCommand.h">
      <Filter>Header Files</Filter>
    </ClInclude>
    <ClInclude Include="include\message\VehicleTerminationCommand.h">
      <Filter>Header Files</Filter>
    </ClInclude>
    <ClInclude Include="include\message\TargetDesignationCommand.h">
      <Filter>Header Files</Filter>
    </ClInclude>
    <ClInclude Include="include\message\VehicleAttitude.h">
      <Filter>Header Files</Filter>
    </ClInclude>
    <ClInclude Include="include\message\VehicleBodySensedState.h">
      <Filter>Header Files</Filter>
    </ClInclude>
    <ClInclude Include="include\message\VehicleGlobalPosition.h">
      <Filter>Header Files</Filter>
    </ClInclude>
    <ClInclude Include="include\message\VehicleGroundRelativeState.h">
      <Filter>Header Files</Filter>
    </ClInclude>
    <ClInclude Include="include\message\VehicleInertialState.h">
      <Filter>Header Files</Filter>
    </ClInclude>
    <ClInclude Include="include\message\VehicleSystemStatus.h">
      <Filter>Header Files</Filter>
    </ClInclude>
    <ClInclude Include="include\message\VehicleWaypointCommand.h">
      <Filter>Header Files</Filter>
    </ClInclude>
    <ClInclude Include="include\message\PayloadBayModeCommand.h">
      <Filter>Header Files</Filter>
    </ClInclude>
    <ClInclude Include="include\message\PayloadBayCommand.h">
      <Filter>Header Files</Filter>
    </ClInclude>
    <ClInclude Include="include\protonet_marshal.h">
      <Filter>Header Files</Filter>
    </ClInclude>
    <ClInclude Include="include\protonet_protocol.h">
      <Filter>Header Files</Filter>
    </ClInclude>
    <ClInclude Include="include\protonet_message.h">
      <Filter>Header Files</Filter>
    </ClInclude>
  </ItemGroup>
  <ItemGroup>
    <ClCompile Include="src\cond.cpp">
      <Filter>Source Files</Filter>
    </ClCompile>
    <ClCompile Include="src\datalink.cpp">
      <Filter>Source Files</Filter>
    </ClCompile>
    <ClCompile Include="src\mutex.cpp">
      <Filter>Source Files</Filter>
    </ClCompile>
    <ClCompile Include="src\protonet_parser.cpp">
      <Filter>Source Files</Filter>
    </ClCompile>
    <ClCompile Include="src\queue.cpp">
      <Filter>Source Files</Filter>
    </ClCompile>
    <ClCompile Include="src\serial.cpp">
      <Filter>Source Files</Filter>
    </ClCompile>
    <ClCompile Include="src\thread.cpp">
      <Filter>Source Files</Filter>
    </ClCompile>
    <ClCompile Include="src\udp.cpp">
      <Filter>Source Files</Filter>
    </ClCompile>
    <ClCompile Include="src\message\UGVJoystick.cpp">
      <Filter>Source Files</Filter>
    </ClCompile>
    <ClCompile Include="src\message\UGVBatteryStatus.cpp">
      <Filter>Source Files</Filter>
    </ClCompile>
    <ClCompile Include="src\message\Enter.cpp">
      <Filter>Source Files</Filter>
    </ClCompile>
    <ClCompile Include="src\message\Exit.cpp">
      <Filter>Source Files</Filter>
    </ClCompile>
    <ClCompile Include="src\message\Ping.cpp">
      <Filter>Source Files</Filter>
    </ClCompile>
    <ClCompile Include="src\message\Pong.cpp">
      <Filter>Source Files</Filter>
    </ClCompile>
    <ClCompile Include="src\message\VehicleAuthorizationReply.cpp">
      <Filter>Source Files</Filter>
    </ClCompile>
    <ClCompile Include="src\message\VehicleAuthorizationRequest.cpp">
      <Filter>Source Files</Filter>
    </ClCompile>
    <ClCompile Include="src\message\VehicleIdentification.cpp">
      <Filter>Source Files</Filter>
    </ClCompile>
    <ClCompile Include="src\message\VehicleModeCommand.cpp">
      <Filter>Source Files</Filter>
    </ClCompile>
    <ClCompile Include="src\message\VehicleTelemetryCommand.cpp">
      <Filter>Source Files</Filter>
    </ClCompile>
    <ClCompile Include="src\message\VehicleTerminationCommand.cpp">
      <Filter>Source Files</Filter>
    </ClCompile>
    <ClCompile Include="src\message\TargetDesignationCommand.cpp">
      <Filter>Source Files</Filter>
    </ClCompile>
    <ClCompile Include="src\message\VehicleAttitude.cpp">
      <Filter>Source Files</Filter>
    </ClCompile>
    <ClCompile Include="src\message\VehicleBodySensedState.cpp">
      <Filter>Source Files</Filter>
    </ClCompile>
    <ClCompile Include="src\message\VehicleGroundRelativeState.cpp">
      <Filter>Source Files</Filter>
    </ClCompile>
    <ClCompile Include="src\message\VehicleGlobalPosition.cpp">
      <Filter>Source Files</Filter>
    </ClCompile>
    <ClCompile Include="src\message\VehicleInertialState.cpp">
      <Filter>Source Files</Filter>
    </ClCompile>
    <ClCompile Include="src\message\VehicleSystemStatus.cpp">
      <Filter>Source Files</Filter>
    </ClCompile>
    <ClCompile Include="src\message\VehicleWaypointCommand.cpp">
      <Filter>Source Files</Filter>
    </ClCompile>
    <ClCompile Include="src\protonet.cpp">
      <Filter>Source Files</Filter>
    </ClCompile>
    <ClCompile Include="src\message\PayloadBayModeCommand.cpp">
      <Filter>Source Files</Filter>
    </ClCompile>
    <ClCompile Include="src\message\PayloadBayCommand.cpp">
      <Filter>Source Files</Filter>
    </ClCompile>
    <ClCompile Include="src\protonet_marshal.cpp">
      <Filter>Source Files</Filter>
    </ClCompile>
    <ClCompile Include="src\protonet_protocol.cpp">
      <Filter>Source Files</Filter>
    </ClCompile>
    <ClCompile Include="src\protonet_message.cpp">
      <Filter>Source Files</Filter>
    </ClCompile>
  </ItemGroup>
</Project>